// !$*UTF8*$!
{
	archiveVersion = 1;
	classes = {
	};
	objectVersion = 55;
	objects = {

/* Begin PBXBuildFile section */
		4286760228826A5400B7DCC5 /* LululemonApp.swift in Sources */ = {isa = PBXBuildFile; fileRef = 4286760128826A5400B7DCC5 /* LululemonApp.swift */; };
		4286760628826A5700B7DCC5 /* Assets.xcassets in Resources */ = {isa = PBXBuildFile; fileRef = 4286760528826A5700B7DCC5 /* Assets.xcassets */; };
		4286760928826A5700B7DCC5 /* Preview Assets.xcassets in Resources */ = {isa = PBXBuildFile; fileRef = 4286760828826A5700B7DCC5 /* Preview Assets.xcassets */; };
		4286761328826A5700B7DCC5 /* LululemonTests.swift in Sources */ = {isa = PBXBuildFile; fileRef = 4286761228826A5700B7DCC5 /* LululemonTests.swift */; };
		4286761D28826A5700B7DCC5 /* LululemonGarmentData_TestsLululemonGarmentData_Tests.swift in Sources */ = {isa = PBXBuildFile; fileRef = 4286761C28826A5700B7DCC5 /* LululemonGarmentData_TestsLululemonGarmentData_Tests.swift */; };
		4286762D28826D5E00B7DCC5 /* GarmentDataModel.swift in Sources */ = {isa = PBXBuildFile; fileRef = 4286762C28826D5E00B7DCC5 /* GarmentDataModel.swift */; };
		4286763328826E9E00B7DCC5 /* AddGarment.swift in Sources */ = {isa = PBXBuildFile; fileRef = 4286762F28826E9E00B7DCC5 /* AddGarment.swift */; };
		4286763428826E9E00B7DCC5 /* GarmentList.swift in Sources */ = {isa = PBXBuildFile; fileRef = 4286763028826E9E00B7DCC5 /* GarmentList.swift */; };
		4286763528826E9E00B7DCC5 /* ContentView.swift in Sources */ = {isa = PBXBuildFile; fileRef = 4286763128826E9E00B7DCC5 /* ContentView.swift */; };
		4286763628826E9E00B7DCC5 /* GarmentDetail.swift in Sources */ = {isa = PBXBuildFile; fileRef = 4286763228826E9E00B7DCC5 /* GarmentDetail.swift */; };
/* End PBXBuildFile section */

/* Begin PBXContainerItemProxy section */
		4286760F28826A5700B7DCC5 /* PBXContainerItemProxy */ = {
			isa = PBXContainerItemProxy;
			containerPortal = 428675F628826A5400B7DCC5 /* Project object */;
			proxyType = 1;
			remoteGlobalIDString = 428675FD28826A5400B7DCC5;
			remoteInfo = Lululemon;
		};
		4286761928826A5700B7DCC5 /* PBXContainerItemProxy */ = {
			isa = PBXContainerItemProxy;
			containerPortal = 428675F628826A5400B7DCC5 /* Project object */;
			proxyType = 1;
			remoteGlobalIDString = 428675FD28826A5400B7DCC5;
			remoteInfo = Lululemon;
		};
/* End PBXContainerItemProxy section */

/* Begin PBXFileReference section */
		428675FE28826A5400B7DCC5 /* Lululemon.app */ = {isa = PBXFileReference; explicitFileType = wrapper.application; includeInIndex = 0; path = Lululemon.app; sourceTree = BUILT_PRODUCTS_DIR; };
		4286760128826A5400B7DCC5 /* LululemonApp.swift */ = {isa = PBXFileReference; lastKnownFileType = sourcecode.swift; path = LululemonApp.swift; sourceTree = "<group>"; };
		4286760528826A5700B7DCC5 /* Assets.xcassets */ = {isa = PBXFileReference; lastKnownFileType = folder.assetcatalog; path = Assets.xcassets; sourceTree = "<group>"; };
		4286760828826A5700B7DCC5 /* Preview Assets.xcassets */ = {isa = PBXFileReference; lastKnownFileType = folder.assetcatalog; path = "Preview Assets.xcassets"; sourceTree = "<group>"; };
		4286760E28826A5700B7DCC5 /* LululemonTests.xctest */ = {isa = PBXFileReference; explicitFileType = wrapper.cfbundle; includeInIndex = 0; path = LululemonTests.xctest; sourceTree = BUILT_PRODUCTS_DIR; };
		4286761228826A5700B7DCC5 /* LululemonTests.swift */ = {isa = PBXFileReference; lastKnownFileType = sourcecode.swift; path = LululemonTests.swift; sourceTree = "<group>"; };
		4286761828826A5700B7DCC5 /* LululemonUITests.xctest */ = {isa = PBXFileReference; explicitFileType = wrapper.cfbundle; includeInIndex = 0; path = LululemonUITests.xctest; sourceTree = BUILT_PRODUCTS_DIR; };
		4286761C28826A5700B7DCC5 /* LululemonGarmentData_TestsLululemonGarmentData_Tests.swift */ = {isa = PBXFileReference; lastKnownFileType = sourcecode.swift; path = LululemonGarmentData_TestsLululemonGarmentData_Tests.swift; sourceTree = "<group>"; };
		4286762C28826D5E00B7DCC5 /* GarmentDataModel.swift */ = {isa = PBXFileReference; lastKnownFileType = sourcecode.swift; path = GarmentDataModel.swift; sourceTree = "<group>"; };
		4286762F28826E9E00B7DCC5 /* AddGarment.swift */ = {isa = PBXFileReference; fileEncoding = 4; lastKnownFileType = sourcecode.swift; path = AddGarment.swift; sourceTree = "<group>"; };
		4286763028826E9E00B7DCC5 /* GarmentList.swift */ = {isa = PBXFileReference; fileEncoding = 4; lastKnownFileType = sourcecode.swift; path = GarmentList.swift; sourceTree = "<group>"; };
		4286763128826E9E00B7DCC5 /* ContentView.swift */ = {isa = PBXFileReference; fileEncoding = 4; lastKnownFileType = sourcecode.swift; path = ContentView.swift; sourceTree = "<group>"; };
		4286763228826E9E00B7DCC5 /* GarmentDetail.swift */ = {isa = PBXFileReference; fileEncoding = 4; lastKnownFileType = sourcecode.swift; path = GarmentDetail.swift; sourceTree = "<group>"; };
/* End PBXFileReference section */

/* Begin PBXFrameworksBuildPhase section */
		428675FB28826A5400B7DCC5 /* Frameworks */ = {
			isa = PBXFrameworksBuildPhase;
			buildActionMask = 2147483647;
			files = (
			);
			runOnlyForDeploymentPostprocessing = 0;
		};
		4286760B28826A5700B7DCC5 /* Frameworks */ = {
			isa = PBXFrameworksBuildPhase;
			buildActionMask = 2147483647;
			files = (
			);
			runOnlyForDeploymentPostprocessing = 0;
		};
		4286761528826A5700B7DCC5 /* Frameworks */ = {
			isa = PBXFrameworksBuildPhase;
			buildActionMask = 2147483647;
			files = (
			);
			runOnlyForDeploymentPostprocessing = 0;
		};
/* End PBXFrameworksBuildPhase section */

/* Begin PBXGroup section */
		428675F528826A5400B7DCC5 = {
			isa = PBXGroup;
			children = (
				4286760028826A5400B7DCC5 /* Lululemon */,
				4286761128826A5700B7DCC5 /* LululemonTests */,
				4286761B28826A5700B7DCC5 /* LululemonUITests */,
				428675FF28826A5400B7DCC5 /* Products */,
			);
			sourceTree = "<group>";
		};
		428675FF28826A5400B7DCC5 /* Products */ = {
			isa = PBXGroup;
			children = (
				428675FE28826A5400B7DCC5 /* Lululemon.app */,
				4286760E28826A5700B7DCC5 /* LululemonTests.xctest */,
				4286761828826A5700B7DCC5 /* LululemonUITests.xctest */,
			);
			name = Products;
			sourceTree = "<group>";
		};
		4286760028826A5400B7DCC5 /* Lululemon */ = {
			isa = PBXGroup;
			children = (
				4286760128826A5400B7DCC5 /* LululemonApp.swift */,
				4286762E28826DE900B7DCC5 /* Views */,
				4286762B28826D3500B7DCC5 /* Models */,
				4286760528826A5700B7DCC5 /* Assets.xcassets */,
				4286760728826A5700B7DCC5 /* Preview Content */,
			);
			path = Lululemon;
			sourceTree = "<group>";
		};
		4286760728826A5700B7DCC5 /* Preview Content */ = {
			isa = PBXGroup;
			children = (
				4286760828826A5700B7DCC5 /* Preview Assets.xcassets */,
			);
			path = "Preview Content";
			sourceTree = "<group>";
		};
		4286761128826A5700B7DCC5 /* LululemonTests */ = {
			isa = PBXGroup;
			children = (
				4286761228826A5700B7DCC5 /* LululemonTests.swift */,
			);
			path = LululemonTests;
			sourceTree = "<group>";
		};
		4286761B28826A5700B7DCC5 /* LululemonUITests */ = {
			isa = PBXGroup;
			children = (
				4286761C28826A5700B7DCC5 /* LululemonGarmentData_TestsLululemonGarmentData_Tests.swift */,
			);
			path = LululemonUITests;
			sourceTree = "<group>";
		};
		4286762B28826D3500B7DCC5 /* Models */ = {
			isa = PBXGroup;
			children = (
				4286762C28826D5E00B7DCC5 /* GarmentDataModel.swift */,
			);
			path = Models;
			sourceTree = "<group>";
		};
		4286762E28826DE900B7DCC5 /* Views */ = {
			isa = PBXGroup;
			children = (
				4286762F28826E9E00B7DCC5 /* AddGarment.swift */,
				4286763128826E9E00B7DCC5 /* ContentView.swift */,
				4286763228826E9E00B7DCC5 /* GarmentDetail.swift */,
				4286763028826E9E00B7DCC5 /* GarmentList.swift */,
			);
			path = Views;
			sourceTree = "<group>";
		};
/* End PBXGroup section */

/* Begin PBXNativeTarget section */
		428675FD28826A5400B7DCC5 /* Lululemon */ = {
			isa = PBXNativeTarget;
			buildConfigurationList = 4286762228826A5700B7DCC5 /* Build configuration list for PBXNativeTarget "Lululemon" */;
			buildPhases = (
				428675FA28826A5400B7DCC5 /* Sources */,
				428675FB28826A5400B7DCC5 /* Frameworks */,
				428675FC28826A5400B7DCC5 /* Resources */,
			);
			buildRules = (
			);
			dependencies = (
			);
			name = Lululemon;
			productName = Lululemon;
			productReference = 428675FE28826A5400B7DCC5 /* Lululemon.app */;
			productType = "com.apple.product-type.application";
		};
		4286760D28826A5700B7DCC5 /* LululemonTests */ = {
			isa = PBXNativeTarget;
			buildConfigurationList = 4286762528826A5700B7DCC5 /* Build configuration list for PBXNativeTarget "LululemonTests" */;
			buildPhases = (
				4286760A28826A5700B7DCC5 /* Sources */,
				4286760B28826A5700B7DCC5 /* Frameworks */,
				4286760C28826A5700B7DCC5 /* Resources */,
			);
			buildRules = (
			);
			dependencies = (
				4286761028826A5700B7DCC5 /* PBXTargetDependency */,
			);
			name = LululemonTests;
			productName = LululemonTests;
			productReference = 4286760E28826A5700B7DCC5 /* LululemonTests.xctest */;
			productType = "com.apple.product-type.bundle.unit-test";
		};
		4286761728826A5700B7DCC5 /* LululemonUITests */ = {
			isa = PBXNativeTarget;
			buildConfigurationList = 4286762828826A5700B7DCC5 /* Build configuration list for PBXNativeTarget "LululemonUITests" */;
			buildPhases = (
				4286761428826A5700B7DCC5 /* Sources */,
				4286761528826A5700B7DCC5 /* Frameworks */,
				4286761628826A5700B7DCC5 /* Resources */,
			);
			buildRules = (
			);
			dependencies = (
				4286761A28826A5700B7DCC5 /* PBXTargetDependency */,
			);
			name = LululemonUITests;
			productName = LululemonUITests;
			productReference = 4286761828826A5700B7DCC5 /* LululemonUITests.xctest */;
			productType = "com.apple.product-type.bundle.ui-testing";
		};
/* End PBXNativeTarget section */

/* Begin PBXProject section */
		428675F628826A5400B7DCC5 /* Project object */ = {
			isa = PBXProject;
			attributes = {
				BuildIndependentTargetsInParallel = 1;
				LastSwiftUpdateCheck = 1340;
				LastUpgradeCheck = 1340;
				TargetAttributes = {
					428675FD28826A5400B7DCC5 = {
						CreatedOnToolsVersion = 13.4.1;
					};
					4286760D28826A5700B7DCC5 = {
						CreatedOnToolsVersion = 13.4.1;
						TestTargetID = 428675FD28826A5400B7DCC5;
					};
					4286761728826A5700B7DCC5 = {
						CreatedOnToolsVersion = 13.4.1;
						TestTargetID = 428675FD28826A5400B7DCC5;
					};
				};
			};
			buildConfigurationList = 428675F928826A5400B7DCC5 /* Build configuration list for PBXProject "Lululemon" */;
			compatibilityVersion = "Xcode 13.0";
			developmentRegion = en;
			hasScannedForEncodings = 0;
			knownRegions = (
				en,
				Base,
			);
			mainGroup = 428675F528826A5400B7DCC5;
			productRefGroup = 428675FF28826A5400B7DCC5 /* Products */;
			projectDirPath = "";
			projectRoot = "";
			targets = (
				428675FD28826A5400B7DCC5 /* Lululemon */,
				4286760D28826A5700B7DCC5 /* LululemonTests */,
				4286761728826A5700B7DCC5 /* LululemonUITests */,
			);
		};
/* End PBXProject section */

/* Begin PBXResourcesBuildPhase section */
		428675FC28826A5400B7DCC5 /* Resources */ = {
			isa = PBXResourcesBuildPhase;
			buildActionMask = 2147483647;
			files = (
				4286760928826A5700B7DCC5 /* Preview Assets.xcassets in Resources */,
				4286760628826A5700B7DCC5 /* Assets.xcassets in Resources */,
			);
			runOnlyForDeploymentPostprocessing = 0;
		};
		4286760C28826A5700B7DCC5 /* Resources */ = {
			isa = PBXResourcesBuildPhase;
			buildActionMask = 2147483647;
			files = (
			);
			runOnlyForDeploymentPostprocessing = 0;
		};
		4286761628826A5700B7DCC5 /* Resources */ = {
			isa = PBXResourcesBuildPhase;
			buildActionMask = 2147483647;
			files = (
			);
			runOnlyForDeploymentPostprocessing = 0;
		};
/* End PBXResourcesBuildPhase section */

/* Begin PBXSourcesBuildPhase section */
		428675FA28826A5400B7DCC5 /* Sources */ = {
			isa = PBXSourcesBuildPhase;
			buildActionMask = 2147483647;
			files = (
				4286760228826A5400B7DCC5 /* LululemonApp.swift in Sources */,
				4286763628826E9E00B7DCC5 /* GarmentDetail.swift in Sources */,
				4286763528826E9E00B7DCC5 /* ContentView.swift in Sources */,
				4286763328826E9E00B7DCC5 /* AddGarment.swift in Sources */,
				4286762D28826D5E00B7DCC5 /* GarmentDataModel.swift in Sources */,
				4286763428826E9E00B7DCC5 /* GarmentList.swift in Sources */,
			);
			runOnlyForDeploymentPostprocessing = 0;
		};
		4286760A28826A5700B7DCC5 /* Sources */ = {
			isa = PBXSourcesBuildPhase;
			buildActionMask = 2147483647;
			files = (
				4286761328826A5700B7DCC5 /* LululemonTests.swift in Sources */,
			);
			runOnlyForDeploymentPostprocessing = 0;
		};
		4286761428826A5700B7DCC5 /* Sources */ = {
			isa = PBXSourcesBuildPhase;
			buildActionMask = 2147483647;
			files = (
				4286761D28826A5700B7DCC5 /* LululemonGarmentData_TestsLululemonGarmentData_Tests.swift in Sources */,
			);
			runOnlyForDeploymentPostprocessing = 0;
		};
/* End PBXSourcesBuildPhase section */

/* Begin PBXTargetDependency section */
		4286761028826A5700B7DCC5 /* PBXTargetDependency */ = {
			isa = PBXTargetDependency;
			target = 428675FD28826A5400B7DCC5 /* Lululemon */;
			targetProxy = 4286760F28826A5700B7DCC5 /* PBXContainerItemProxy */;
		};
		4286761A28826A5700B7DCC5 /* PBXTargetDependency */ = {
			isa = PBXTargetDependency;
			target = 428675FD28826A5400B7DCC5 /* Lululemon */;
			targetProxy = 4286761928826A5700B7DCC5 /* PBXContainerItemProxy */;
		};
/* End PBXTargetDependency section */

/* Begin XCBuildConfiguration section */
		4286762028826A5700B7DCC5 /* Debug */ = {
			isa = XCBuildConfiguration;
			buildSettings = {
				ALWAYS_SEARCH_USER_PATHS = NO;
				CLANG_ANALYZER_NONNULL = YES;
				CLANG_ANALYZER_NUMBER_OBJECT_CONVERSION = YES_AGGRESSIVE;
				CLANG_CXX_LANGUAGE_STANDARD = "gnu++17";
				CLANG_ENABLE_MODULES = YES;
				CLANG_ENABLE_OBJC_ARC = YES;
				CLANG_ENABLE_OBJC_WEAK = YES;
				CLANG_WARN_BLOCK_CAPTURE_AUTORELEASING = YES;
				CLANG_WARN_BOOL_CONVERSION = YES;
				CLANG_WARN_COMMA = YES;
				CLANG_WARN_CONSTANT_CONVERSION = YES;
				CLANG_WARN_DEPRECATED_OBJC_IMPLEMENTATIONS = YES;
				CLANG_WARN_DIRECT_OBJC_ISA_USAGE = YES_ERROR;
				CLANG_WARN_DOCUMENTATION_COMMENTS = YES;
				CLANG_WARN_EMPTY_BODY = YES;
				CLANG_WARN_ENUM_CONVERSION = YES;
				CLANG_WARN_INFINITE_RECURSION = YES;
				CLANG_WARN_INT_CONVERSION = YES;
				CLANG_WARN_NON_LITERAL_NULL_CONVERSION = YES;
				CLANG_WARN_OBJC_IMPLICIT_RETAIN_SELF = YES;
				CLANG_WARN_OBJC_LITERAL_CONVERSION = YES;
				CLANG_WARN_OBJC_ROOT_CLASS = YES_ERROR;
				CLANG_WARN_QUOTED_INCLUDE_IN_FRAMEWORK_HEADER = YES;
				CLANG_WARN_RANGE_LOOP_ANALYSIS = YES;
				CLANG_WARN_STRICT_PROTOTYPES = YES;
				CLANG_WARN_SUSPICIOUS_MOVE = YES;
				CLANG_WARN_UNGUARDED_AVAILABILITY = YES_AGGRESSIVE;
				CLANG_WARN_UNREACHABLE_CODE = YES;
				CLANG_WARN__DUPLICATE_METHOD_MATCH = YES;
				COPY_PHASE_STRIP = NO;
				DEBUG_INFORMATION_FORMAT = dwarf;
				ENABLE_STRICT_OBJC_MSGSEND = YES;
				ENABLE_TESTABILITY = YES;
				GCC_C_LANGUAGE_STANDARD = gnu11;
				GCC_DYNAMIC_NO_PIC = NO;
				GCC_NO_COMMON_BLOCKS = YES;
				GCC_OPTIMIZATION_LEVEL = 0;
				GCC_PREPROCESSOR_DEFINITIONS = (
					"DEBUG=1",
					"$(inherited)",
				);
				GCC_WARN_64_TO_32_BIT_CONVERSION = YES;
				GCC_WARN_ABOUT_RETURN_TYPE = YES_ERROR;
				GCC_WARN_UNDECLARED_SELECTOR = YES;
				GCC_WARN_UNINITIALIZED_AUTOS = YES_AGGRESSIVE;
				GCC_WARN_UNUSED_FUNCTION = YES;
				GCC_WARN_UNUSED_VARIABLE = YES;
				IPHONEOS_DEPLOYMENT_TARGET = 15.5;
				MTL_ENABLE_DEBUG_INFO = INCLUDE_SOURCE;
				MTL_FAST_MATH = YES;
				ONLY_ACTIVE_ARCH = YES;
				SDKROOT = iphoneos;
				SWIFT_ACTIVE_COMPILATION_CONDITIONS = DEBUG;
				SWIFT_OPTIMIZATION_LEVEL = "-Onone";
			};
			name = Debug;
		};
		4286762128826A5700B7DCC5 /* Release */ = {
			isa = XCBuildConfiguration;
			buildSettings = {
				ALWAYS_SEARCH_USER_PATHS = NO;
				CLANG_ANALYZER_NONNULL = YES;
				CLANG_ANALYZER_NUMBER_OBJECT_CONVERSION = YES_AGGRESSIVE;
				CLANG_CXX_LANGUAGE_STANDARD = "gnu++17";
				CLANG_ENABLE_MODULES = YES;
				CLANG_ENABLE_OBJC_ARC = YES;
				CLANG_ENABLE_OBJC_WEAK = YES;
				CLANG_WARN_BLOCK_CAPTURE_AUTORELEASING = YES;
				CLANG_WARN_BOOL_CONVERSION = YES;
				CLANG_WARN_COMMA = YES;
				CLANG_WARN_CONSTANT_CONVERSION = YES;
				CLANG_WARN_DEPRECATED_OBJC_IMPLEMENTATIONS = YES;
				CLANG_WARN_DIRECT_OBJC_ISA_USAGE = YES_ERROR;
				CLANG_WARN_DOCUMENTATION_COMMENTS = YES;
				CLANG_WARN_EMPTY_BODY = YES;
				CLANG_WARN_ENUM_CONVERSION = YES;
				CLANG_WARN_INFINITE_RECURSION = YES;
				CLANG_WARN_INT_CONVERSION = YES;
				CLANG_WARN_NON_LITERAL_NULL_CONVERSION = YES;
				CLANG_WARN_OBJC_IMPLICIT_RETAIN_SELF = YES;
				CLANG_WARN_OBJC_LITERAL_CONVERSION = YES;
				CLANG_WARN_OBJC_ROOT_CLASS = YES_ERROR;
				CLANG_WARN_QUOTED_INCLUDE_IN_FRAMEWORK_HEADER = YES;
				CLANG_WARN_RANGE_LOOP_ANALYSIS = YES;
				CLANG_WARN_STRICT_PROTOTYPES = YES;
				CLANG_WARN_SUSPICIOUS_MOVE = YES;
				CLANG_WARN_UNGUARDED_AVAILABILITY = YES_AGGRESSIVE;
				CLANG_WARN_UNREACHABLE_CODE = YES;
				CLANG_WARN__DUPLICATE_METHOD_MATCH = YES;
				COPY_PHASE_STRIP = NO;
				DEBUG_INFORMATION_FORMAT = "dwarf-with-dsym";
				ENABLE_NS_ASSERTIONS = NO;
				ENABLE_STRICT_OBJC_MSGSEND = YES;
				GCC_C_LANGUAGE_STANDARD = gnu11;
				GCC_NO_COMMON_BLOCKS = YES;
				GCC_WARN_64_TO_32_BIT_CONVERSION = YES;
				GCC_WARN_ABOUT_RETURN_TYPE = YES_ERROR;
				GCC_WARN_UNDECLARED_SELECTOR = YES;
				GCC_WARN_UNINITIALIZED_AUTOS = YES_AGGRESSIVE;
				GCC_WARN_UNUSED_FUNCTION = YES;
				GCC_WARN_UNUSED_VARIABLE = YES;
				IPHONEOS_DEPLOYMENT_TARGET = 15.5;
				MTL_ENABLE_DEBUG_INFO = NO;
				MTL_FAST_MATH = YES;
				SDKROOT = iphoneos;
				SWIFT_COMPILATION_MODE = wholemodule;
				SWIFT_OPTIMIZATION_LEVEL = "-O";
				VALIDATE_PRODUCT = YES;
			};
			name = Release;
		};
		4286762328826A5700B7DCC5 /* Debug */ = {
			isa = XCBuildConfiguration;
			buildSettings = {
				ASSETCATALOG_COMPILER_APPICON_NAME = AppIcon;
				ASSETCATALOG_COMPILER_GLOBAL_ACCENT_COLOR_NAME = AccentColor;
				CODE_SIGN_STYLE = Automatic;
				CURRENT_PROJECT_VERSION = 1;
				DEVELOPMENT_ASSET_PATHS = "\"Lululemon/Preview Content\"";
				DEVELOPMENT_TEAM = 8BS5AL5SZZ;
				ENABLE_PREVIEWS = YES;
				GENERATE_INFOPLIST_FILE = YES;
				INFOPLIST_KEY_UIApplicationSceneManifest_Generation = YES;
				INFOPLIST_KEY_UIApplicationSupportsIndirectInputEvents = YES;
				INFOPLIST_KEY_UILaunchScreen_Generation = YES;
				INFOPLIST_KEY_UISupportedInterfaceOrientations_iPad = "UIInterfaceOrientationPortrait UIInterfaceOrientationPortraitUpsideDown UIInterfaceOrientationLandscapeLeft UIInterfaceOrientationLandscapeRight";
				INFOPLIST_KEY_UISupportedInterfaceOrientations_iPhone = "UIInterfaceOrientationPortrait UIInterfaceOrientationLandscapeLeft UIInterfaceOrientationLandscapeRight";
				LD_RUNPATH_SEARCH_PATHS = (
					"$(inherited)",
					"@executable_path/Frameworks",
				);
				MARKETING_VERSION = 1.0;
				PRODUCT_BUNDLE_IDENTIFIER = "Armando-D-Gonzalez.Lululemon";
				PRODUCT_NAME = "$(TARGET_NAME)";
				SWIFT_EMIT_LOC_STRINGS = YES;
				SWIFT_VERSION = 5.0;
				TARGETED_DEVICE_FAMILY = "1,2";
			};
			name = Debug;
		};
		4286762428826A5700B7DCC5 /* Release */ = {
			isa = XCBuildConfiguration;
			buildSettings = {
				ASSETCATALOG_COMPILER_APPICON_NAME = AppIcon;
				ASSETCATALOG_COMPILER_GLOBAL_ACCENT_COLOR_NAME = AccentColor;
				CODE_SIGN_STYLE = Automatic;
				CURRENT_PROJECT_VERSION = 1;
				DEVELOPMENT_ASSET_PATHS = "\"Lululemon/Preview Content\"";
				DEVELOPMENT_TEAM = 8BS5AL5SZZ;
				ENABLE_PREVIEWS = YES;
				GENERATE_INFOPLIST_FILE = YES;
				INFOPLIST_KEY_UIApplicationSceneManifest_Generation = YES;
				INFOPLIST_KEY_UIApplicationSupportsIndirectInputEvents = YES;
				INFOPLIST_KEY_UILaunchScreen_Generation = YES;
				INFOPLIST_KEY_UISupportedInterfaceOrientations_iPad = "UIInterfaceOrientationPortrait UIInterfaceOrientationPortraitUpsideDown UIInterfaceOrientationLandscapeLeft UIInterfaceOrientationLandscapeRight";
				INFOPLIST_KEY_UISupportedInterfaceOrientations_iPhone = "UIInterfaceOrientationPortrait UIInterfaceOrientationLandscapeLeft UIInterfaceOrientationLandscapeRight";
				LD_RUNPATH_SEARCH_PATHS = (
					"$(inherited)",
					"@executable_path/Frameworks",
				);
				MARKETING_VERSION = 1.0;
				PRODUCT_BUNDLE_IDENTIFIER = "Armando-D-Gonzalez.Lululemon";
				PRODUCT_NAME = "$(TARGET_NAME)";
				SWIFT_EMIT_LOC_STRINGS = YES;
				SWIFT_VERSION = 5.0;
				TARGETED_DEVICE_FAMILY = "1,2";
			};
			name = Release;
		};
		4286762628826A5700B7DCC5 /* Debug */ = {
			isa = XCBuildConfiguration;
			buildSettings = {
				ALWAYS_EMBED_SWIFT_STANDARD_LIBRARIES = YES;
				BUNDLE_LOADER = "$(TEST_HOST)";
				CODE_SIGN_STYLE = Automatic;
				CURRENT_PROJECT_VERSION = 1;
				DEVELOPMENT_TEAM = 8BS5AL5SZZ;
				GENERATE_INFOPLIST_FILE = YES;
				IPHONEOS_DEPLOYMENT_TARGET = 15.5;
				MARKETING_VERSION = 1.0;
				PRODUCT_BUNDLE_IDENTIFIER = "Armando-D-Gonzalez.LululemonTests";
				PRODUCT_NAME = "$(TARGET_NAME)";
				SWIFT_EMIT_LOC_STRINGS = NO;
				SWIFT_VERSION = 5.0;
				TARGETED_DEVICE_FAMILY = "1,2";
				TEST_HOST = "$(BUILT_PRODUCTS_DIR)/Lululemon.app/Lululemon";
			};
			name = Debug;
		};
		4286762728826A5700B7DCC5 /* Release */ = {
			isa = XCBuildConfiguration;
			buildSettings = {
				ALWAYS_EMBED_SWIFT_STANDARD_LIBRARIES = YES;
				BUNDLE_LOADER = "$(TEST_HOST)";
				CODE_SIGN_STYLE = Automatic;
				CURRENT_PROJECT_VERSION = 1;
				DEVELOPMENT_TEAM = 8BS5AL5SZZ;
				GENERATE_INFOPLIST_FILE = YES;
				IPHONEOS_DEPLOYMENT_TARGET = 15.5;
				MARKETING_VERSION = 1.0;
				PRODUCT_BUNDLE_IDENTIFIER = "Armando-D-Gonzalez.LululemonTests";
				PRODUCT_NAME = "$(TARGET_NAME)";
				SWIFT_EMIT_LOC_STRINGS = NO;
				SWIFT_VERSION = 5.0;
				TARGETED_DEVICE_FAMILY = "1,2";
				TEST_HOST = "$(BUILT_PRODUCTS_DIR)/Lululemon.app/Lululemon";
			};
			name = Release;
		};
		4286762928826A5700B7DCC5 /* Debug */ = {
			isa = XCBuildConfiguration;
			buildSettings = {
				ALWAYS_EMBED_SWIFT_STANDARD_LIBRARIES = YES;
				CODE_SIGN_STYLE = Automatic;
				CURRENT_PROJECT_VERSION = 1;
				DEVELOPMENT_TEAM = 8BS5AL5SZZ;
				GENERATE_INFOPLIST_FILE = YES;
				MARKETING_VERSION = 1.0;
				PRODUCT_BUNDLE_IDENTIFIER = "Armando-D-Gonzalez.LululemonUITests";
				PRODUCT_NAME = "$(TARGET_NAME)";
				SWIFT_EMIT_LOC_STRINGS = NO;
				SWIFT_VERSION = 5.0;
				TARGETED_DEVICE_FAMILY = "1,2";
				TEST_TARGET_NAME = Lululemon;
			};
			name = Debug;
		};
		4286762A28826A5700B7DCC5 /* Release */ = {
			isa = XCBuildConfiguration;
			buildSettings = {
				ALWAYS_EMBED_SWIFT_STANDARD_LIBRARIES = YES;
				CODE_SIGN_STYLE = Automatic;
				CURRENT_PROJECT_VERSION = 1;
				DEVELOPMENT_TEAM = 8BS5AL5SZZ;
				GENERATE_INFOPLIST_FILE = YES;
				MARKETING_VERSION = 1.0;
				PRODUCT_BUNDLE_IDENTIFIER = "Armando-D-Gonzalez.LululemonUITests";
				PRODUCT_NAME = "$(TARGET_NAME)";
				SWIFT_EMIT_LOC_STRINGS = NO;
				SWIFT_VERSION = 5.0;
				TARGETED_DEVICE_FAMILY = "1,2";
				TEST_TARGET_NAME = Lululemon;
			};
			name = Release;
		};
/* End XCBuildConfiguration section */

/* Begin XCConfigurationList section */
		428675F928826A5400B7DCC5 /* Build configuration list for PBXProject "Lululemon" */ = {
			isa = XCConfigurationList;
			buildConfigurations = (
				4286762028826A5700B7DCC5 /* Debug */,
				4286762128826A5700B7DCC5 /* Release */,
			);
			defaultConfigurationIsVisible = 0;
			defaultConfigurationName = Release;
		};
		4286762228826A5700B7DCC5 /* Build configuration list for PBXNativeTarget "Lululemon" */ = {
			isa = XCConfigurationList;
			buildConfigurations = (
				4286762328826A5700B7DCC5 /* Debug */,
				4286762428826A5700B7DCC5 /* Release */,
			);
			defaultConfigurationIsVisible = 0;
			defaultConfigurationName = Release;
		};
		4286762528826A5700B7DCC5 /* Build configuration list for PBXNativeTarget "LululemonTests" */ = {
			isa = XCConfigurationList;
			buildConfigurations = (
				4286762628826A5700B7DCC5 /* Debug */,
				4286762728826A5700B7DCC5 /* Release */,
			);
			defaultConfigurationIsVisible = 0;
			defaultConfigurationName = Release;
		};
		4286762828826A5700B7DCC5 /* Build configuration list for PBXNativeTarget "LululemonUITests" */ = {
			isa = XCConfigurationList;
			buildConfigurations = (
				4286762928826A5700B7DCC5 /* Debug */,
				4286762A28826A5700B7DCC5 /* Release */,
			);
			defaultConfigurationIsVisible = 0;
			defaultConfigurationName = Release;
		};
/* End XCConfigurationList section */
	};
	rootObject = 428675F628826A5400B7DCC5 /* Project object */;
}
